// !$*UTF8*$!
{
	archiveVersion = 1;
	classes = {
	};
	objectVersion = 77;
	objects = {

/* Begin PBXBuildFile section */
		F096544A2E45372200A207BD /* RCNetworking in Frameworks */ = {isa = PBXBuildFile; productRef = F09654492E45372200A207BD /* RCNetworking */; };
		F096544D2E45373500A207BD /* RCUIComponents in Frameworks */ = {isa = PBXBuildFile; productRef = F096544C2E45373500A207BD /* RCUIComponents */; };
/* End PBXBuildFile section */

/* Begin PBXContainerItemProxy section */
		F096541C2E45360800A207BD /* PBXContainerItemProxy */ = {
			isa = PBXContainerItemProxy;
			containerPortal = F09654052E45360600A207BD /* Project object */;
			proxyType = 1;
			remoteGlobalIDString = F096540C2E45360600A207BD;
			remoteInfo = RecurlyChallengeApp;
		};
		F09654262E45360800A207BD /* PBXContainerItemProxy */ = {
			isa = PBXContainerItemProxy;
			containerPortal = F09654052E45360600A207BD /* Project object */;
			proxyType = 1;
			remoteGlobalIDString = F096540C2E45360600A207BD;
			remoteInfo = RecurlyChallengeApp;
		};
/* End PBXContainerItemProxy section */

/* Begin PBXFileReference section */
		F096540D2E45360600A207BD /* RecurlyChallengeApp.app */ = {isa = PBXFileReference; explicitFileType = wrapper.application; includeInIndex = 0; path = RecurlyChallengeApp.app; sourceTree = BUILT_PRODUCTS_DIR; };
		F096541B2E45360800A207BD /* RecurlyChallengeAppTests.xctest */ = {isa = PBXFileReference; explicitFileType = wrapper.cfbundle; includeInIndex = 0; path = RecurlyChallengeAppTests.xctest; sourceTree = BUILT_PRODUCTS_DIR; };
		F09654252E45360800A207BD /* RecurlyChallengeAppUITests.xctest */ = {isa = PBXFileReference; explicitFileType = wrapper.cfbundle; includeInIndex = 0; path = RecurlyChallengeAppUITests.xctest; sourceTree = BUILT_PRODUCTS_DIR; };
/* End PBXFileReference section */

/* Begin PBXFileSystemSynchronizedRootGroup section */
		F096540F2E45360600A207BD /* RecurlyChallengeApp */ = {
			isa = PBXFileSystemSynchronizedRootGroup;
			path = RecurlyChallengeApp;
			sourceTree = "<group>";
		};
		F096541E2E45360800A207BD /* RecurlyChallengeAppTests */ = {
			isa = PBXFileSystemSynchronizedRootGroup;
			path = RecurlyChallengeAppTests;
			sourceTree = "<group>";
		};
		F09654282E45360800A207BD /* RecurlyChallengeAppUITests */ = {
			isa = PBXFileSystemSynchronizedRootGroup;
			path = RecurlyChallengeAppUITests;
			sourceTree = "<group>";
		};
/* End PBXFileSystemSynchronizedRootGroup section */

/* Begin PBXFrameworksBuildPhase section */
		F096540A2E45360600A207BD /* Frameworks */ = {
			isa = PBXFrameworksBuildPhase;
			buildActionMask = 2147483647;
			files = (
				F096544A2E45372200A207BD /* RCNetworking in Frameworks */,
				F096544D2E45373500A207BD /* RCUIComponents in Frameworks */,
			);
			runOnlyForDeploymentPostprocessing = 0;
		};
		F09654182E45360800A207BD /* Frameworks */ = {
			isa = PBXFrameworksBuildPhase;
			buildActionMask = 2147483647;
			files = (
			);
			runOnlyForDeploymentPostprocessing = 0;
		};
		F09654222E45360800A207BD /* Frameworks */ = {
			isa = PBXFrameworksBuildPhase;
			buildActionMask = 2147483647;
			files = (
			);
			runOnlyForDeploymentPostprocessing = 0;
		};
/* End PBXFrameworksBuildPhase section */

/* Begin PBXGroup section */
		F09654042E45360600A207BD = {
			isa = PBXGroup;
			children = (
				F096540F2E45360600A207BD /* RecurlyChallengeApp */,
				F096541E2E45360800A207BD /* RecurlyChallengeAppTests */,
				F09654282E45360800A207BD /* RecurlyChallengeAppUITests */,
				F096540E2E45360600A207BD /* Products */,
			);
			sourceTree = "<group>";
		};
		F096540E2E45360600A207BD /* Products */ = {
			isa = PBXGroup;
			children = (
				F096540D2E45360600A207BD /* RecurlyChallengeApp.app */,
				F096541B2E45360800A207BD /* RecurlyChallengeAppTests.xctest */,
				F09654252E45360800A207BD /* RecurlyChallengeAppUITests.xctest */,
			);
			name = Products;
			sourceTree = "<group>";
		};
/* End PBXGroup section */

/* Begin PBXNativeTarget section */
		F096540C2E45360600A207BD /* RecurlyChallengeApp */ = {
			isa = PBXNativeTarget;
			buildConfigurationList = F096542F2E45360800A207BD /* Build configuration list for PBXNativeTarget "RecurlyChallengeApp" */;
			buildPhases = (
				F09654092E45360600A207BD /* Sources */,
				F096540A2E45360600A207BD /* Frameworks */,
				F096540B2E45360600A207BD /* Resources */,
			);
			buildRules = (
			);
			dependencies = (
			);
			fileSystemSynchronizedGroups = (
				F096540F2E45360600A207BD /* RecurlyChallengeApp */,
			);
			name = RecurlyChallengeApp;
			packageProductDependencies = (
				F09654492E45372200A207BD /* RCNetworking */,
				F096544C2E45373500A207BD /* RCUIComponents */,
			);
			productName = RecurlyChallengeApp;
			productReference = F096540D2E45360600A207BD /* RecurlyChallengeApp.app */;
			productType = "com.apple.product-type.application";
		};
		F096541A2E45360800A207BD /* RecurlyChallengeAppTests */ = {
			isa = PBXNativeTarget;
			buildConfigurationList = F09654322E45360800A207BD /* Build configuration list for PBXNativeTarget "RecurlyChallengeAppTests" */;
			buildPhases = (
				F09654172E45360800A207BD /* Sources */,
				F09654182E45360800A207BD /* Frameworks */,
				F09654192E45360800A207BD /* Resources */,
			);
			buildRules = (
			);
			dependencies = (
				F096541D2E45360800A207BD /* PBXTargetDependency */,
			);
			fileSystemSynchronizedGroups = (
				F096541E2E45360800A207BD /* RecurlyChallengeAppTests */,
			);
			name = RecurlyChallengeAppTests;
			packageProductDependencies = (
			);
			productName = RecurlyChallengeAppTests;
			productReference = F096541B2E45360800A207BD /* RecurlyChallengeAppTests.xctest */;
			productType = "com.apple.product-type.bundle.unit-test";
		};
		F09654242E45360800A207BD /* RecurlyChallengeAppUITests */ = {
			isa = PBXNativeTarget;
			buildConfigurationList = F09654352E45360800A207BD /* Build configuration list for PBXNativeTarget "RecurlyChallengeAppUITests" */;
			buildPhases = (
				F09654212E45360800A207BD /* Sources */,
				F09654222E45360800A207BD /* Frameworks */,
				F09654232E45360800A207BD /* Resources */,
			);
			buildRules = (
			);
			dependencies = (
				F09654272E45360800A207BD /* PBXTargetDependency */,
			);
			fileSystemSynchronizedGroups = (
				F09654282E45360800A207BD /* RecurlyChallengeAppUITests */,
			);
			name = RecurlyChallengeAppUITests;
			packageProductDependencies = (
			);
			productName = RecurlyChallengeAppUITests;
			productReference = F09654252E45360800A207BD /* RecurlyChallengeAppUITests.xctest */;
			productType = "com.apple.product-type.bundle.ui-testing";
		};
/* End PBXNativeTarget section */

/* Begin PBXProject section */
		F09654052E45360600A207BD /* Project object */ = {
			isa = PBXProject;
			attributes = {
				BuildIndependentTargetsInParallel = 1;
				LastSwiftUpdateCheck = 1640;
				LastUpgradeCheck = 1640;
				TargetAttributes = {
					F096540C2E45360600A207BD = {
						CreatedOnToolsVersion = 16.4;
					};
					F096541A2E45360800A207BD = {
						CreatedOnToolsVersion = 16.4;
						TestTargetID = F096540C2E45360600A207BD;
					};
					F09654242E45360800A207BD = {
						CreatedOnToolsVersion = 16.4;
						TestTargetID = F096540C2E45360600A207BD;
					};
				};
			};
			buildConfigurationList = F09654082E45360600A207BD /* Build configuration list for PBXProject "RecurlyChallengeApp" */;
			developmentRegion = en;
			hasScannedForEncodings = 0;
			knownRegions = (
				en,
				Base,
			);
			mainGroup = F09654042E45360600A207BD;
			minimizedProjectReferenceProxies = 1;
			packageReferences = (
				F09654482E45372200A207BD /* XCLocalSwiftPackageReference "../RCNetworking" */,
				F096544B2E45373500A207BD /* XCLocalSwiftPackageReference "../RCUIComponents" */,
			);
			preferredProjectObjectVersion = 77;
			productRefGroup = F096540E2E45360600A207BD /* Products */;
			projectDirPath = "";
			projectRoot = "";
			targets = (
				F096540C2E45360600A207BD /* RecurlyChallengeApp */,
				F096541A2E45360800A207BD /* RecurlyChallengeAppTests */,
				F09654242E45360800A207BD /* RecurlyChallengeAppUITests */,
			);
		};
/* End PBXProject section */

/* Begin PBXResourcesBuildPhase section */
		F096540B2E45360600A207BD /* Resources */ = {
			isa = PBXResourcesBuildPhase;
			buildActionMask = 2147483647;
			files = (
			);
			runOnlyForDeploymentPostprocessing = 0;
		};
		F09654192E45360800A207BD /* Resources */ = {
			isa = PBXResourcesBuildPhase;
			buildActionMask = 2147483647;
			files = (
			);
			runOnlyForDeploymentPostprocessing = 0;
		};
		F09654232E45360800A207BD /* Resources */ = {
			isa = PBXResourcesBuildPhase;
			buildActionMask = 2147483647;
			files = (
			);
			runOnlyForDeploymentPostprocessing = 0;
		};
/* End PBXResourcesBuildPhase section */

/* Begin PBXSourcesBuildPhase section */
		F09654092E45360600A207BD /* Sources */ = {
			isa = PBXSourcesBuildPhase;
			buildActionMask = 2147483647;
			files = (
			);
			runOnlyForDeploymentPostprocessing = 0;
		};
		F09654172E45360800A207BD /* Sources */ = {
			isa = PBXSourcesBuildPhase;
			buildActionMask = 2147483647;
			files = (
			);
			runOnlyForDeploymentPostprocessing = 0;
		};
		F09654212E45360800A207BD /* Sources */ = {
			isa = PBXSourcesBuildPhase;
			buildActionMask = 2147483647;
			files = (
			);
			runOnlyForDeploymentPostprocessing = 0;
		};
/* End PBXSourcesBuildPhase section */

/* Begin PBXTargetDependency section */
		F096541D2E45360800A207BD /* PBXTargetDependency */ = {
			isa = PBXTargetDependency;
			target = F096540C2E45360600A207BD /* RecurlyChallengeApp */;
			targetProxy = F096541C2E45360800A207BD /* PBXContainerItemProxy */;
		};
		F09654272E45360800A207BD /* PBXTargetDependency */ = {
			isa = PBXTargetDependency;
			target = F096540C2E45360600A207BD /* RecurlyChallengeApp */;
			targetProxy = F09654262E45360800A207BD /* PBXContainerItemProxy */;
		};
/* End PBXTargetDependency section */

/* Begin XCBuildConfiguration section */
		F096542D2E45360800A207BD /* Debug */ = {
			isa = XCBuildConfiguration;
			buildSettings = {
				ALWAYS_SEARCH_USER_PATHS = NO;
				ASSETCATALOG_COMPILER_GENERATE_SWIFT_ASSET_SYMBOL_EXTENSIONS = YES;
				CLANG_ANALYZER_NONNULL = YES;
				CLANG_ANALYZER_NUMBER_OBJECT_CONVERSION = YES_AGGRESSIVE;
				CLANG_CXX_LANGUAGE_STANDARD = "gnu++20";
				CLANG_ENABLE_MODULES = YES;
				CLANG_ENABLE_OBJC_ARC = YES;
				CLANG_ENABLE_OBJC_WEAK = YES;
				CLANG_WARN_BLOCK_CAPTURE_AUTORELEASING = YES;
				CLANG_WARN_BOOL_CONVERSION = YES;
				CLANG_WARN_COMMA = YES;
				CLANG_WARN_CONSTANT_CONVERSION = YES;
				CLANG_WARN_DEPRECATED_OBJC_IMPLEMENTATIONS = YES;
				CLANG_WARN_DIRECT_OBJC_ISA_USAGE = YES_ERROR;
				CLANG_WARN_DOCUMENTATION_COMMENTS = YES;
				CLANG_WARN_EMPTY_BODY = YES;
				CLANG_WARN_ENUM_CONVERSION = YES;
				CLANG_WARN_INFINITE_RECURSION = YES;
				CLANG_WARN_INT_CONVERSION = YES;
				CLANG_WARN_NON_LITERAL_NULL_CONVERSION = YES;
				CLANG_WARN_OBJC_IMPLICIT_RETAIN_SELF = YES;
				CLANG_WARN_OBJC_LITERAL_CONVERSION = YES;
				CLANG_WARN_OBJC_ROOT_CLASS = YES_ERROR;
				CLANG_WARN_QUOTED_INCLUDE_IN_FRAMEWORK_HEADER = YES;
				CLANG_WARN_RANGE_LOOP_ANALYSIS = YES;
				CLANG_WARN_STRICT_PROTOTYPES = YES;
				CLANG_WARN_SUSPICIOUS_MOVE = YES;
				CLANG_WARN_UNGUARDED_AVAILABILITY = YES_AGGRESSIVE;
				CLANG_WARN_UNREACHABLE_CODE = YES;
				CLANG_WARN__DUPLICATE_METHOD_MATCH = YES;
				COPY_PHASE_STRIP = NO;
				DEBUG_INFORMATION_FORMAT = dwarf;
				DEVELOPMENT_TEAM = 3KNG2F4XC7;
				ENABLE_STRICT_OBJC_MSGSEND = YES;
				ENABLE_TESTABILITY = YES;
				ENABLE_USER_SCRIPT_SANDBOXING = YES;
				GCC_C_LANGUAGE_STANDARD = gnu17;
				GCC_DYNAMIC_NO_PIC = NO;
				GCC_NO_COMMON_BLOCKS = YES;
				GCC_OPTIMIZATION_LEVEL = 0;
				GCC_PREPROCESSOR_DEFINITIONS = (
					"DEBUG=1",
					"$(inherited)",
				);
				GCC_WARN_64_TO_32_BIT_CONVERSION = YES;
				GCC_WARN_ABOUT_RETURN_TYPE = YES_ERROR;
				GCC_WARN_UNDECLARED_SELECTOR = YES;
				GCC_WARN_UNINITIALIZED_AUTOS = YES_AGGRESSIVE;
				GCC_WARN_UNUSED_FUNCTION = YES;
				GCC_WARN_UNUSED_VARIABLE = YES;
				LOCALIZATION_PREFERS_STRING_CATALOGS = YES;
				MTL_ENABLE_DEBUG_INFO = INCLUDE_SOURCE;
				MTL_FAST_MATH = YES;
				ONLY_ACTIVE_ARCH = YES;
				SWIFT_ACTIVE_COMPILATION_CONDITIONS = "DEBUG $(inherited)";
				SWIFT_OPTIMIZATION_LEVEL = "-Onone";
			};
			name = Debug;
		};
		F096542E2E45360800A207BD /* Release */ = {
			isa = XCBuildConfiguration;
			buildSettings = {
				ALWAYS_SEARCH_USER_PATHS = NO;
				ASSETCATALOG_COMPILER_GENERATE_SWIFT_ASSET_SYMBOL_EXTENSIONS = YES;
				CLANG_ANALYZER_NONNULL = YES;
				CLANG_ANALYZER_NUMBER_OBJECT_CONVERSION = YES_AGGRESSIVE;
				CLANG_CXX_LANGUAGE_STANDARD = "gnu++20";
				CLANG_ENABLE_MODULES = YES;
				CLANG_ENABLE_OBJC_ARC = YES;
				CLANG_ENABLE_OBJC_WEAK = YES;
				CLANG_WARN_BLOCK_CAPTURE_AUTORELEASING = YES;
				CLANG_WARN_BOOL_CONVERSION = YES;
				CLANG_WARN_COMMA = YES;
				CLANG_WARN_CONSTANT_CONVERSION = YES;
				CLANG_WARN_DEPRECATED_OBJC_IMPLEMENTATIONS = YES;
				CLANG_WARN_DIRECT_OBJC_ISA_USAGE = YES_ERROR;
				CLANG_WARN_DOCUMENTATION_COMMENTS = YES;
				CLANG_WARN_EMPTY_BODY = YES;
				CLANG_WARN_ENUM_CONVERSION = YES;
				CLANG_WARN_INFINITE_RECURSION = YES;
				CLANG_WARN_INT_CONVERSION = YES;
				CLANG_WARN_NON_LITERAL_NULL_CONVERSION = YES;
				CLANG_WARN_OBJC_IMPLICIT_RETAIN_SELF = YES;
				CLANG_WARN_OBJC_LITERAL_CONVERSION = YES;
				CLANG_WARN_OBJC_ROOT_CLASS = YES_ERROR;
				CLANG_WARN_QUOTED_INCLUDE_IN_FRAMEWORK_HEADER = YES;
				CLANG_WARN_RANGE_LOOP_ANALYSIS = YES;
				CLANG_WARN_STRICT_PROTOTYPES = YES;
				CLANG_WARN_SUSPICIOUS_MOVE = YES;
				CLANG_WARN_UNGUARDED_AVAILABILITY = YES_AGGRESSIVE;
				CLANG_WARN_UNREACHABLE_CODE = YES;
				CLANG_WARN__DUPLICATE_METHOD_MATCH = YES;
				COPY_PHASE_STRIP = NO;
				DEBUG_INFORMATION_FORMAT = "dwarf-with-dsym";
				DEVELOPMENT_TEAM = 3KNG2F4XC7;
				ENABLE_NS_ASSERTIONS = NO;
				ENABLE_STRICT_OBJC_MSGSEND = YES;
				ENABLE_USER_SCRIPT_SANDBOXING = YES;
				GCC_C_LANGUAGE_STANDARD = gnu17;
				GCC_NO_COMMON_BLOCKS = YES;
				GCC_WARN_64_TO_32_BIT_CONVERSION = YES;
				GCC_WARN_ABOUT_RETURN_TYPE = YES_ERROR;
				GCC_WARN_UNDECLARED_SELECTOR = YES;
				GCC_WARN_UNINITIALIZED_AUTOS = YES_AGGRESSIVE;
				GCC_WARN_UNUSED_FUNCTION = YES;
				GCC_WARN_UNUSED_VARIABLE = YES;
				LOCALIZATION_PREFERS_STRING_CATALOGS = YES;
				MTL_ENABLE_DEBUG_INFO = NO;
				MTL_FAST_MATH = YES;
				SWIFT_COMPILATION_MODE = wholemodule;
			};
			name = Release;
		};
		F09654302E45360800A207BD /* Debug */ = {
			isa = XCBuildConfiguration;
			buildSettings = {
				ASSETCATALOG_COMPILER_APPICON_NAME = AppIcon;
				ASSETCATALOG_COMPILER_GLOBAL_ACCENT_COLOR_NAME = AccentColor;
				CODE_SIGN_ENTITLEMENTS = RecurlyChallengeApp/RecurlyChallengeApp.entitlements;
				CODE_SIGN_STYLE = Automatic;
				CURRENT_PROJECT_VERSION = 1;
				DEVELOPMENT_TEAM = 3KNG2F4XC7;
				ENABLE_HARDENED_RUNTIME = YES;
				ENABLE_PREVIEWS = YES;
				GENERATE_INFOPLIST_FILE = YES;
				"INFOPLIST_KEY_UIApplicationSceneManifest_Generation[sdk=iphoneos*]" = YES;
				"INFOPLIST_KEY_UIApplicationSceneManifest_Generation[sdk=iphonesimulator*]" = YES;
				"INFOPLIST_KEY_UIApplicationSupportsIndirectInputEvents[sdk=iphoneos*]" = YES;
				"INFOPLIST_KEY_UIApplicationSupportsIndirectInputEvents[sdk=iphonesimulator*]" = YES;
				"INFOPLIST_KEY_UILaunchScreen_Generation[sdk=iphoneos*]" = YES;
				"INFOPLIST_KEY_UILaunchScreen_Generation[sdk=iphonesimulator*]" = YES;
				"INFOPLIST_KEY_UIStatusBarStyle[sdk=iphoneos*]" = UIStatusBarStyleDefault;
				"INFOPLIST_KEY_UIStatusBarStyle[sdk=iphonesimulator*]" = UIStatusBarStyleDefault;
				INFOPLIST_KEY_UISupportedInterfaceOrientations_iPad = "UIInterfaceOrientationPortrait UIInterfaceOrientationPortraitUpsideDown UIInterfaceOrientationLandscapeLeft UIInterfaceOrientationLandscapeRight";
				INFOPLIST_KEY_UISupportedInterfaceOrientations_iPhone = "UIInterfaceOrientationPortrait UIInterfaceOrientationLandscapeLeft UIInterfaceOrientationLandscapeRight";
				IPHONEOS_DEPLOYMENT_TARGET = 18.5;
				LD_RUNPATH_SEARCH_PATHS = "@executable_path/Frameworks";
				"LD_RUNPATH_SEARCH_PATHS[sdk=macosx*]" = "@executable_path/../Frameworks";
				MACOSX_DEPLOYMENT_TARGET = 15.5;
				MARKETING_VERSION = 1.0;
				PRODUCT_BUNDLE_IDENTIFIER = jarestrepogu.RecurlyChallengeApp;
				PRODUCT_NAME = "$(TARGET_NAME)";
				REGISTER_APP_GROUPS = YES;
				SDKROOT = auto;
				SUPPORTED_PLATFORMS = "iphoneos iphonesimulator macosx xros xrsimulator";
				SWIFT_EMIT_LOC_STRINGS = YES;
				SWIFT_VERSION = 5.0;
				TARGETED_DEVICE_FAMILY = "1,2,7";
				XROS_DEPLOYMENT_TARGET = 2.5;
			};
			name = Debug;
		};
		F09654312E45360800A207BD /* Release */ = {
			isa = XCBuildConfiguration;
			buildSettings = {
				ASSETCATALOG_COMPILER_APPICON_NAME = AppIcon;
				ASSETCATALOG_COMPILER_GLOBAL_ACCENT_COLOR_NAME = AccentColor;
				CODE_SIGN_ENTITLEMENTS = RecurlyChallengeApp/RecurlyChallengeApp.entitlements;
				CODE_SIGN_STYLE = Automatic;
				CURRENT_PROJECT_VERSION = 1;
				DEVELOPMENT_TEAM = 3KNG2F4XC7;
				ENABLE_HARDENED_RUNTIME = YES;
				ENABLE_PREVIEWS = YES;
				GENERATE_INFOPLIST_FILE = YES;
				"INFOPLIST_KEY_UIApplicationSceneManifest_Generation[sdk=iphoneos*]" = YES;
				"INFOPLIST_KEY_UIApplicationSceneManifest_Generation[sdk=iphonesimulator*]" = YES;
				"INFOPLIST_KEY_UIApplicationSupportsIndirectInputEvents[sdk=iphoneos*]" = YES;
				"INFOPLIST_KEY_UIApplicationSupportsIndirectInputEvents[sdk=iphonesimulator*]" = YES;
				"INFOPLIST_KEY_UILaunchScreen_Generation[sdk=iphoneos*]" = YES;
				"INFOPLIST_KEY_UILaunchScreen_Generation[sdk=iphonesimulator*]" = YES;
				"INFOPLIST_KEY_UIStatusBarStyle[sdk=iphoneos*]" = UIStatusBarStyleDefault;
				"INFOPLIST_KEY_UIStatusBarStyle[sdk=iphonesimulator*]" = UIStatusBarStyleDefault;
				INFOPLIST_KEY_UISupportedInterfaceOrientations_iPad = "UIInterfaceOrientationPortrait UIInterfaceOrientationPortraitUpsideDown UIInterfaceOrientationLandscapeLeft UIInterfaceOrientationLandscapeRight";
				INFOPLIST_KEY_UISupportedInterfaceOrientations_iPhone = "UIInterfaceOrientationPortrait UIInterfaceOrientationLandscapeLeft UIInterfaceOrientationLandscapeRight";
				IPHONEOS_DEPLOYMENT_TARGET = 18.5;
				LD_RUNPATH_SEARCH_PATHS = "@executable_path/Frameworks";
				"LD_RUNPATH_SEARCH_PATHS[sdk=macosx*]" = "@executable_path/../Frameworks";
				MACOSX_DEPLOYMENT_TARGET = 15.5;
				MARKETING_VERSION = 1.0;
				PRODUCT_BUNDLE_IDENTIFIER = jarestrepogu.RecurlyChallengeApp;
				PRODUCT_NAME = "$(TARGET_NAME)";
				REGISTER_APP_GROUPS = YES;
				SDKROOT = auto;
				SUPPORTED_PLATFORMS = "iphoneos iphonesimulator macosx xros xrsimulator";
				SWIFT_EMIT_LOC_STRINGS = YES;
				SWIFT_VERSION = 5.0;
				TARGETED_DEVICE_FAMILY = "1,2,7";
				XROS_DEPLOYMENT_TARGET = 2.5;
			};
			name = Release;
		};
		F09654332E45360800A207BD /* Debug */ = {
			isa = XCBuildConfiguration;
			buildSettings = {
				BUNDLE_LOADER = "$(TEST_HOST)";
				CODE_SIGN_STYLE = Automatic;
				CURRENT_PROJECT_VERSION = 1;
				DEVELOPMENT_TEAM = 3KNG2F4XC7;
				GENERATE_INFOPLIST_FILE = YES;
				IPHONEOS_DEPLOYMENT_TARGET = 18.5;
				MACOSX_DEPLOYMENT_TARGET = 15.5;
				MARKETING_VERSION = 1.0;
				PRODUCT_BUNDLE_IDENTIFIER = jarestrepogu.RecurlyChallengeAppTests;
				PRODUCT_NAME = "$(TARGET_NAME)";
				SDKROOT = auto;
				SUPPORTED_PLATFORMS = "iphoneos iphonesimulator macosx xros xrsimulator";
				SWIFT_EMIT_LOC_STRINGS = NO;
				SWIFT_VERSION = 5.0;
				TARGETED_DEVICE_FAMILY = "1,2,7";
				TEST_HOST = "$(BUILT_PRODUCTS_DIR)/RecurlyChallengeApp.app/$(BUNDLE_EXECUTABLE_FOLDER_PATH)/RecurlyChallengeApp";
				XROS_DEPLOYMENT_TARGET = 2.5;
			};
			name = Debug;
		};
		F09654342E45360800A207BD /* Release */ = {
			isa = XCBuildConfiguration;
			buildSettings = {
				BUNDLE_LOADER = "$(TEST_HOST)";
				CODE_SIGN_STYLE = Automatic;
				CURRENT_PROJECT_VERSION = 1;
				DEVELOPMENT_TEAM = 3KNG2F4XC7;
				GENERATE_INFOPLIST_FILE = YES;
				IPHONEOS_DEPLOYMENT_TARGET = 18.5;
				MACOSX_DEPLOYMENT_TARGET = 15.5;
				MARKETING_VERSION = 1.0;
				PRODUCT_BUNDLE_IDENTIFIER = jarestrepogu.RecurlyChallengeAppTests;
				PRODUCT_NAME = "$(TARGET_NAME)";
				SDKROOT = auto;
				SUPPORTED_PLATFORMS = "iphoneos iphonesimulator macosx xros xrsimulator";
				SWIFT_EMIT_LOC_STRINGS = NO;
				SWIFT_VERSION = 5.0;
				TARGETED_DEVICE_FAMILY = "1,2,7";
				TEST_HOST = "$(BUILT_PRODUCTS_DIR)/RecurlyChallengeApp.app/$(BUNDLE_EXECUTABLE_FOLDER_PATH)/RecurlyChallengeApp";
				XROS_DEPLOYMENT_TARGET = 2.5;
			};
			name = Release;
		};
		F09654362E45360800A207BD /* Debug */ = {
			isa = XCBuildConfiguration;
			buildSettings = {
				CODE_SIGN_STYLE = Automatic;
				CURRENT_PROJECT_VERSION = 1;
				DEVELOPMENT_TEAM = 3KNG2F4XC7;
				GENERATE_INFOPLIST_FILE = YES;
				IPHONEOS_DEPLOYMENT_TARGET = 18.5;
				MACOSX_DEPLOYMENT_TARGET = 15.5;
				MARKETING_VERSION = 1.0;
				PRODUCT_BUNDLE_IDENTIFIER = jarestrepogu.RecurlyChallengeAppUITests;
				PRODUCT_NAME = "$(TARGET_NAME)";
				SDKROOT = auto;
				SUPPORTED_PLATFORMS = "iphoneos iphonesimulator macosx xros xrsimulator";
				SWIFT_EMIT_LOC_STRINGS = NO;
				SWIFT_VERSION = 5.0;
				TARGETED_DEVICE_FAMILY = "1,2,7";
				TEST_TARGET_NAME = RecurlyChallengeApp;
				XROS_DEPLOYMENT_TARGET = 2.5;
			};
			name = Debug;
		};
		F09654372E45360800A207BD /* Release */ = {
			isa = XCBuildConfiguration;
			buildSettings = {
				CODE_SIGN_STYLE = Automatic;
				CURRENT_PROJECT_VERSION = 1;
				DEVELOPMENT_TEAM = 3KNG2F4XC7;
				GENERATE_INFOPLIST_FILE = YES;
				IPHONEOS_DEPLOYMENT_TARGET = 18.5;
				MACOSX_DEPLOYMENT_TARGET = 15.5;
				MARKETING_VERSION = 1.0;
				PRODUCT_BUNDLE_IDENTIFIER = jarestrepogu.RecurlyChallengeAppUITests;
				PRODUCT_NAME = "$(TARGET_NAME)";
				SDKROOT = auto;
				SUPPORTED_PLATFORMS = "iphoneos iphonesimulator macosx xros xrsimulator";
				SWIFT_EMIT_LOC_STRINGS = NO;
				SWIFT_VERSION = 5.0;
				TARGETED_DEVICE_FAMILY = "1,2,7";
				TEST_TARGET_NAME = RecurlyChallengeApp;
				XROS_DEPLOYMENT_TARGET = 2.5;
			};
			name = Release;
		};
/* End XCBuildConfiguration section */

/* Begin XCConfigurationList section */
		F09654082E45360600A207BD /* Build configuration list for PBXProject "RecurlyChallengeApp" */ = {
			isa = XCConfigurationList;
			buildConfigurations = (
				F096542D2E45360800A207BD /* Debug */,
				F096542E2E45360800A207BD /* Release */,
			);
			defaultConfigurationIsVisible = 0;
			defaultConfigurationName = Release;
		};
		F096542F2E45360800A207BD /* Build configuration list for PBXNativeTarget "RecurlyChallengeApp" */ = {
			isa = XCConfigurationList;
			buildConfigurations = (
				F09654302E45360800A207BD /* Debug */,
				F09654312E45360800A207BD /* Release */,
			);
			defaultConfigurationIsVisible = 0;
			defaultConfigurationName = Release;
		};
		F09654322E45360800A207BD /* Build configuration list for PBXNativeTarget "RecurlyChallengeAppTests" */ = {
			isa = XCConfigurationList;
			buildConfigurations = (
				F09654332E45360800A207BD /* Debug */,
				F09654342E45360800A207BD /* Release */,
			);
			defaultConfigurationIsVisible = 0;
			defaultConfigurationName = Release;
		};
		F09654352E45360800A207BD /* Build configuration list for PBXNativeTarget "RecurlyChallengeAppUITests" */ = {
			isa = XCConfigurationList;
			buildConfigurations = (
				F09654362E45360800A207BD /* Debug */,
				F09654372E45360800A207BD /* Release */,
			);
			defaultConfigurationIsVisible = 0;
			defaultConfigurationName = Release;
		};
/* End XCConfigurationList section */

/* Begin XCLocalSwiftPackageReference section */
		F09654482E45372200A207BD /* XCLocalSwiftPackageReference "../RCNetworking" */ = {
			isa = XCLocalSwiftPackageReference;
			relativePath = ../RCNetworking;
		};
		F096544B2E45373500A207BD /* XCLocalSwiftPackageReference "../RCUIComponents" */ = {
			isa = XCLocalSwiftPackageReference;
			relativePath = ../RCUIComponents;
		};
/* End XCLocalSwiftPackageReference section */

/* Begin XCSwiftPackageProductDependency section */
		F09654492E45372200A207BD /* RCNetworking */ = {
			isa = XCSwiftPackageProductDependency;
			productName = RCNetworking;
		};
		F096544C2E45373500A207BD /* RCUIComponents */ = {
			isa = XCSwiftPackageProductDependency;
			productName = RCUIComponents;
		};
/* End XCSwiftPackageProductDependency section */
	};
	rootObject = F09654052E45360600A207BD /* Project object */;
}
